
Microsoft Visual Studio Solution File, Format Version 12.00
# Visual Studio Version 17
VisualStudioVersion = 17.8.34330.188
MinimumVisualStudioVersion = 10.0.40219.1
Project("{9A19103F-16F7-4668-BE54-9A1E7A4F7556}") = "ChitAPI", "ChitAPI\ChitAPI.csproj", "{7C3B1B4B-2345-4958-B0BB-98FF1C939AE7}"
EndProject
Project("{E53339B2-1760-4266-BCC7-CA923CBCF16C}") = "docker-compose", "docker-compose.dcproj", "{4632CF87-AC37-4423-853F-479BD7AAE450}"
EndProject
Global
	GlobalSection(SolutionConfigurationPlatforms) = preSolution
		Debug|Any CPU = Debug|Any CPU
		Release|Any CPU = Release|Any CPU
	EndGlobalSection
	GlobalSection(ProjectConfigurationPlatforms) = postSolution
		{7C3B1B4B-2345-4958-B0BB-98FF1C939AE7}.Debug|Any CPU.ActiveCfg = Debug|Any CPU
		{7C3B1B4B-2345-4958-B0BB-98FF1C939AE7}.Debug|Any CPU.Build.0 = Debug|Any CPU
		{7C3B1B4B-2345-4958-B0BB-98FF1C939AE7}.Release|Any CPU.ActiveCfg = Release|Any CPU
		{7C3B1B4B-2345-4958-B0BB-98FF1C939AE7}.Release|Any CPU.Build.0 = Release|Any CPU
		{4632CF87-AC37-4423-853F-479BD7AAE450}.Debug|Any CPU.ActiveCfg = Debug|Any CPU
		{4632CF87-AC37-4423-853F-479BD7AAE450}.Debug|Any CPU.Build.0 = Debug|Any CPU
		{4632CF87-AC37-4423-853F-479BD7AAE450}.Release|Any CPU.ActiveCfg = Release|Any CPU
		{4632CF87-AC37-4423-853F-479BD7AAE450}.Release|Any CPU.Build.0 = Release|Any CPU
	EndGlobalSection
	GlobalSection(SolutionProperties) = preSolution
		HideSolutionNode = FALSE
	EndGlobalSection
	GlobalSection(ExtensibilityGlobals) = postSolution
		SolutionGuid = {0ACF1C47-BB8D-45AB-8FB7-09EDE495EAD2}
	EndGlobalSection
EndGlobal
